
Microsoft Visual Studio Solution File, Format Version 12.00
# Visual Studio Version 17
VisualStudioVersion = 17.6.33829.357
MinimumVisualStudioVersion = 10.0.40219.1
Project("{FAE04EC0-301F-11D3-BF4B-00C04F79EFBC}") = "Tasks(For AS differences)", "Tasks(For AS differences)\Tasks(For AS differences).csproj", "{9A959796-D667-462B-BEA6-7BE2D86CC709}"
EndProject
Project("{FAE04EC0-301F-11D3-BF4B-00C04F79EFBC}") = "Tasks1", "Tasks1\Tasks1.csproj", "{C0001095-FC5F-48F9-AE82-0CBA5FCF4DC1}"
EndProject
Project("{FAE04EC0-301F-11D3-BF4B-00C04F79EFBC}") = "Task-2", "Task-2\Task-2.csproj", "{6907B86D-A7AB-47D0-A07D-2EFDF5C168B3}"
EndProject
Project("{FAE04EC0-301F-11D3-BF4B-00C04F79EFBC}") = "Task4", "Task4\Task4.csproj", "{9DE9905C-74E0-46EE-AF4E-8C7776A6C90A}"
EndProject
Global
	GlobalSection(SolutionConfigurationPlatforms) = preSolution
		Debug|Any CPU = Debug|Any CPU
		Release|Any CPU = Release|Any CPU
	EndGlobalSection
	GlobalSection(ProjectConfigurationPlatforms) = postSolution
		{9A959796-D667-462B-BEA6-7BE2D86CC709}.Debug|Any CPU.ActiveCfg = Debug|Any CPU
		{9A959796-D667-462B-BEA6-7BE2D86CC709}.Debug|Any CPU.Build.0 = Debug|Any CPU
		{9A959796-D667-462B-BEA6-7BE2D86CC709}.Release|Any CPU.ActiveCfg = Release|Any CPU
		{9A959796-D667-462B-BEA6-7BE2D86CC709}.Release|Any CPU.Build.0 = Release|Any CPU
		{C0001095-FC5F-48F9-AE82-0CBA5FCF4DC1}.Debug|Any CPU.ActiveCfg = Debug|Any CPU
		{C0001095-FC5F-48F9-AE82-0CBA5FCF4DC1}.Debug|Any CPU.Build.0 = Debug|Any CPU
		{C0001095-FC5F-48F9-AE82-0CBA5FCF4DC1}.Release|Any CPU.ActiveCfg = Release|Any CPU
		{C0001095-FC5F-48F9-AE82-0CBA5FCF4DC1}.Release|Any CPU.Build.0 = Release|Any CPU
		{6907B86D-A7AB-47D0-A07D-2EFDF5C168B3}.Debug|Any CPU.ActiveCfg = Debug|Any CPU
		{6907B86D-A7AB-47D0-A07D-2EFDF5C168B3}.Debug|Any CPU.Build.0 = Debug|Any CPU
		{6907B86D-A7AB-47D0-A07D-2EFDF5C168B3}.Release|Any CPU.ActiveCfg = Release|Any CPU
		{6907B86D-A7AB-47D0-A07D-2EFDF5C168B3}.Release|Any CPU.Build.0 = Release|Any CPU
		{9DE9905C-74E0-46EE-AF4E-8C7776A6C90A}.Debug|Any CPU.ActiveCfg = Debug|Any CPU
		{9DE9905C-74E0-46EE-AF4E-8C7776A6C90A}.Debug|Any CPU.Build.0 = Debug|Any CPU
		{9DE9905C-74E0-46EE-AF4E-8C7776A6C90A}.Release|Any CPU.ActiveCfg = Release|Any CPU
		{9DE9905C-74E0-46EE-AF4E-8C7776A6C90A}.Release|Any CPU.Build.0 = Release|Any CPU
	EndGlobalSection
	GlobalSection(SolutionProperties) = preSolution
		HideSolutionNode = FALSE
	EndGlobalSection
	GlobalSection(ExtensibilityGlobals) = postSolution
		SolutionGuid = {A8BFF220-6A04-4C88-8E6E-FEAD2CB69ED5}
	EndGlobalSection
EndGlobal
